
Microsoft Visual Studio Solution File, Format Version 12.00
# Visual Studio 2013
VisualStudioVersion = 12.0.31101.0
MinimumVisualStudioVersion = 10.0.40219.1
Project("{E24C65DC-7377-472B-9ABA-BC803B73C61A}") = "JapaneseHelper", "http://localhost:59156", "{B9A1CFA0-4B31-4CE2-BCAE-29A3DA641C45}"
	ProjectSection(WebsiteProperties) = preProject
		UseIISExpress = "true"
		TargetFrameworkMoniker = ".NETFramework,Version%3Dv4.0"
		Debug.AspNetCompiler.VirtualPath = "/localhost_59156"
		Debug.AspNetCompiler.PhysicalPath = "..\..\..\GitHub\JapaneseHelper\"
		Debug.AspNetCompiler.TargetPath = "PrecompiledWeb\localhost_59156\"
		Debug.AspNetCompiler.Updateable = "true"
		Debug.AspNetCompiler.ForceOverwrite = "true"
		Debug.AspNetCompiler.FixedNames = "false"
		Debug.AspNetCompiler.Debug = "True"
		Release.AspNetCompiler.VirtualPath = "/localhost_59156"
		Release.AspNetCompiler.PhysicalPath = "..\..\..\GitHub\JapaneseHelper\"
		Release.AspNetCompiler.TargetPath = "PrecompiledWeb\localhost_59156\"
		Release.AspNetCompiler.Updateable = "true"
		Release.AspNetCompiler.ForceOverwrite = "true"
		Release.AspNetCompiler.FixedNames = "false"
		Release.AspNetCompiler.Debug = "False"
		SlnRelativePath = "..\..\..\GitHub\JapaneseHelper\"
	EndProjectSection
EndProject
Global
	GlobalSection(SolutionConfigurationPlatforms) = preSolution
		Debug|Any CPU = Debug|Any CPU
	EndGlobalSection
	GlobalSection(ProjectConfigurationPlatforms) = postSolution
		{B9A1CFA0-4B31-4CE2-BCAE-29A3DA641C45}.Debug|Any CPU.ActiveCfg = Debug|Any CPU
		{B9A1CFA0-4B31-4CE2-BCAE-29A3DA641C45}.Debug|Any CPU.Build.0 = Debug|Any CPU
	EndGlobalSection
	GlobalSection(SolutionProperties) = preSolution
		HideSolutionNode = FALSE
	EndGlobalSection
EndGlobal
